
Microsoft Visual Studio Solution File, Format Version 12.00
# Visual Studio Version 16
VisualStudioVersion = 16.0.30804.86
MinimumVisualStudioVersion = 10.0.40219.1
Project("{FAE04EC0-301F-11D3-BF4B-00C04F79EFBC}") = "Obrazce", "Obrazce\Obrazce.csproj", "{B63BDE3C-F09D-4B98-BE51-7BD3E40C49E6}"
EndProject
Global
	GlobalSection(SolutionConfigurationPlatforms) = preSolution
		Debug|Any CPU = Debug|Any CPU
		Release|Any CPU = Release|Any CPU
	EndGlobalSection
	GlobalSection(ProjectConfigurationPlatforms) = postSolution
		{B63BDE3C-F09D-4B98-BE51-7BD3E40C49E6}.Debug|Any CPU.ActiveCfg = Debug|Any CPU
		{B63BDE3C-F09D-4B98-BE51-7BD3E40C49E6}.Debug|Any CPU.Build.0 = Debug|Any CPU
		{B63BDE3C-F09D-4B98-BE51-7BD3E40C49E6}.Release|Any CPU.ActiveCfg = Release|Any CPU
		{B63BDE3C-F09D-4B98-BE51-7BD3E40C49E6}.Release|Any CPU.Build.0 = Release|Any CPU
	EndGlobalSection
	GlobalSection(SolutionProperties) = preSolution
		HideSolutionNode = FALSE
	EndGlobalSection
	GlobalSection(ExtensibilityGlobals) = postSolution
		SolutionGuid = {ECE6C396-C0F7-48BD-9027-93C87EA04F68}
	EndGlobalSection
EndGlobal
