
Microsoft Visual Studio Solution File, Format Version 12.00
# Visual Studio Version 16
VisualStudioVersion = 16.0.30804.86
MinimumVisualStudioVersion = 10.0.40219.1
Project("{FAE04EC0-301F-11D3-BF4B-00C04F79EFBC}") = "BezVlaken", "BezVlaken\BezVlaken.csproj", "{C2C94593-CA77-486B-8F03-CBE86FBFAE26}"
EndProject
Project("{FAE04EC0-301F-11D3-BF4B-00C04F79EFBC}") = "VlaknaProgress", "VlaknaProgress\VlaknaProgress.csproj", "{C6E0879B-6C13-4EE4-90AF-EC2F95FAFAA7}"
EndProject
Global
	GlobalSection(SolutionConfigurationPlatforms) = preSolution
		Debug|Any CPU = Debug|Any CPU
		Release|Any CPU = Release|Any CPU
	EndGlobalSection
	GlobalSection(ProjectConfigurationPlatforms) = postSolution
		{C2C94593-CA77-486B-8F03-CBE86FBFAE26}.Debug|Any CPU.ActiveCfg = Debug|Any CPU
		{C2C94593-CA77-486B-8F03-CBE86FBFAE26}.Debug|Any CPU.Build.0 = Debug|Any CPU
		{C2C94593-CA77-486B-8F03-CBE86FBFAE26}.Release|Any CPU.ActiveCfg = Release|Any CPU
		{C2C94593-CA77-486B-8F03-CBE86FBFAE26}.Release|Any CPU.Build.0 = Release|Any CPU
		{C6E0879B-6C13-4EE4-90AF-EC2F95FAFAA7}.Debug|Any CPU.ActiveCfg = Debug|Any CPU
		{C6E0879B-6C13-4EE4-90AF-EC2F95FAFAA7}.Debug|Any CPU.Build.0 = Debug|Any CPU
		{C6E0879B-6C13-4EE4-90AF-EC2F95FAFAA7}.Release|Any CPU.ActiveCfg = Release|Any CPU
		{C6E0879B-6C13-4EE4-90AF-EC2F95FAFAA7}.Release|Any CPU.Build.0 = Release|Any CPU
	EndGlobalSection
	GlobalSection(SolutionProperties) = preSolution
		HideSolutionNode = FALSE
	EndGlobalSection
	GlobalSection(ExtensibilityGlobals) = postSolution
		SolutionGuid = {45E492F7-E8DC-4313-B2C0-4FC3BB1810A2}
	EndGlobalSection
EndGlobal
