
Microsoft Visual Studio Solution File, Format Version 12.00
# Visual Studio Version 16
VisualStudioVersion = 16.0.30804.86
MinimumVisualStudioVersion = 10.0.40219.1
Project("{FAE04EC0-301F-11D3-BF4B-00C04F79EFBC}") = "DisposeLab", "DisposeLab\DisposeLab.csproj", "{907DEAD5-20BE-4ABA-AE26-5CBE431AA39D}"
EndProject
Global
	GlobalSection(SolutionConfigurationPlatforms) = preSolution
		Debug|Any CPU = Debug|Any CPU
		Release|Any CPU = Release|Any CPU
	EndGlobalSection
	GlobalSection(ProjectConfigurationPlatforms) = postSolution
		{907DEAD5-20BE-4ABA-AE26-5CBE431AA39D}.Debug|Any CPU.ActiveCfg = Debug|Any CPU
		{907DEAD5-20BE-4ABA-AE26-5CBE431AA39D}.Debug|Any CPU.Build.0 = Debug|Any CPU
		{907DEAD5-20BE-4ABA-AE26-5CBE431AA39D}.Release|Any CPU.ActiveCfg = Release|Any CPU
		{907DEAD5-20BE-4ABA-AE26-5CBE431AA39D}.Release|Any CPU.Build.0 = Release|Any CPU
	EndGlobalSection
	GlobalSection(SolutionProperties) = preSolution
		HideSolutionNode = FALSE
	EndGlobalSection
	GlobalSection(ExtensibilityGlobals) = postSolution
		SolutionGuid = {79E5B16B-E228-45E6-914E-9BE427F1957E}
	EndGlobalSection
EndGlobal
